{"format_version":"1.2","terraform_version":"1.12.2","variables":{"ami_id":{"value":"ami-0a1235697f4afa8a4"},"instance_count":{"value":1},"instance_type":{"value":"t3.micro"},"lambda_runtime":{"value":"python3.9"},"start_cron":{"value":"cron(30 2 * * ? *)"},"stop_cron":{"value":"cron(30 11 * * ? *)"}},"planned_values":{"outputs":{"ec2_instance_id":{"sensitive":false},"lambda_start_arn":{"sensitive":false},"lambda_stop_arn":{"sensitive":false}},"root_module":{"child_modules":[{"resources":[{"address":"module.ec2.aws_instance.this[0]","mode":"managed","type":"aws_instance","name":"this","index":0,"provider_name":"registry.terraform.io/hashicorp/aws","schema_version":1,"values":{"ami":"ami-0a1235697f4afa8a4","credit_specification":[],"get_password_data":false,"hibernation":null,"instance_type":"t3.micro","launch_template":[],"source_dest_check":true,"tags":{"Name":"EC2-Scheduled"},"tags_all":{"Name":"EC2-Scheduled"},"timeouts":null,"user_data_replace_on_change":false,"volume_tags":null},"sensitive_values":{"capacity_reservation_specification":[],"cpu_options":[],"credit_specification":[],"ebs_block_device":[],"enclave_options":[],"ephemeral_block_device":[],"ipv6_addresses":[],"launch_template":[],"maintenance_options":[],"metadata_options":[],"network_interface":[],"private_dns_name_options":[],"root_block_device":[],"secondary_private_ips":[],"security_groups":[],"tags":{},"tags_all":{},"vpc_security_group_ids":[]}}],"address":"module.ec2"},{"resources":[{"address":"module.lambda_start.aws_iam_policy.ec2_policy","mode":"managed","type":"aws_iam_policy","name":"ec2_policy","provider_name":"registry.terraform.io/hashicorp/aws","schema_version":0,"values":{"description":null,"name":"start-ec2-ec2-policy","path":"/","policy":"{\"Statement\":[{\"Action\":[\"ec2:StartInstances\",\"ec2:DescribeInstances\"],\"Effect\":\"Allow\",\"Resource\":\"*\"},{\"Action\":[\"logs:CreateLogGroup\",\"logs:CreateLogStream\",\"logs:PutLogEvents\"],\"Effect\":\"Allow\",\"Resource\":\"*\"}],\"Version\":\"2012-10-17\"}","tags":null},"sensitive_values":{"tags_all":{}}},{"address":"module.lambda_start.aws_iam_role.lambda_role","mode":"managed","type":"aws_iam_role","name":"lambda_role","provider_name":"registry.terraform.io/hashicorp/aws","schema_version":0,"values":{"assume_role_policy":"{\"Statement\":[{\"Action\":\"sts:AssumeRole\",\"Effect\":\"Allow\",\"Principal\":{\"Service\":\"lambda.amazonaws.com\"}}],\"Version\":\"2012-10-17\"}","description":null,"force_detach_policies":false,"max_session_duration":3600,"name":"start-ec2-role","path":"/","permissions_boundary":null,"tags":null},"sensitive_values":{"inline_policy":[],"managed_policy_arns":[],"role_last_used":[],"tags_all":{}}},{"address":"module.lambda_start.aws_iam_role_policy_attachment.attach","mode":"managed","type":"aws_iam_role_policy_attachment","name":"attach","provider_name":"registry.terraform.io/hashicorp/aws","schema_version":0,"values":{"role":"start-ec2-role"},"sensitive_values":{}},{"address":"module.lambda_start.aws_lambda_function.this","mode":"managed","type":"aws_lambda_function","name":"this","provider_name":"registry.terraform.io/hashicorp/aws","schema_version":0,"values":{"code_signing_config_arn":null,"dead_letter_config":[],"description":null,"environment":[{}],"file_system_config":[],"filename":"modules/lambda/start-ec2.zip","function_name":"start-ec2","handler":"start_ec2.lambda_handler","image_config":[],"image_uri":null,"kms_key_arn":null,"layers":null,"memory_size":128,"package_type":"Zip","publish":false,"replace_security_groups_on_destroy":null,"replacement_security_group_ids":null,"reserved_concurrent_executions":-1,"runtime":"python3.9","s3_bucket":null,"s3_key":null,"s3_object_version":null,"skip_destroy":false,"snap_start":[],"source_code_hash":"B3wI8AImLc3BvyC7ql7dLq+gb+uJMAintBvFMispZsI=","tags":null,"timeout":315,"timeouts":null,"vpc_config":[]},"sensitive_values":{"architectures":[],"dead_letter_config":[],"environment":[{"variables":{}}],"ephemeral_storage":[],"file_system_config":[],"image_config":[],"snap_start":[],"tags_all":{},"tracing_config":[],"vpc_config":[]}}],"address":"module.lambda_start"},{"resources":[{"address":"module.lambda_stop.aws_iam_policy.ec2_policy","mode":"managed","type":"aws_iam_policy","name":"ec2_policy","provider_name":"registry.terraform.io/hashicorp/aws","schema_version":0,"values":{"description":null,"name":"stop-ec2-ec2-policy","path":"/","policy":"{\"Statement\":[{\"Action\":[\"ec2:StopInstances\",\"ec2:DescribeInstances\"],\"Effect\":\"Allow\",\"Resource\":\"*\"},{\"Action\":[\"logs:CreateLogGroup\",\"logs:CreateLogStream\",\"logs:PutLogEvents\"],\"Effect\":\"Allow\",\"Resource\":\"*\"}],\"Version\":\"2012-10-17\"}","tags":null},"sensitive_values":{"tags_all":{}}},{"address":"module.lambda_stop.aws_iam_role.lambda_role","mode":"managed","type":"aws_iam_role","name":"lambda_role","provider_name":"registry.terraform.io/hashicorp/aws","schema_version":0,"values":{"assume_role_policy":"{\"Statement\":[{\"Action\":\"sts:AssumeRole\",\"Effect\":\"Allow\",\"Principal\":{\"Service\":\"lambda.amazonaws.com\"}}],\"Version\":\"2012-10-17\"}","description":null,"force_detach_policies":false,"max_session_duration":3600,"name":"stop-ec2-role","path":"/","permissions_boundary":null,"tags":null},"sensitive_values":{"inline_policy":[],"managed_policy_arns":[],"role_last_used":[],"tags_all":{}}},{"address":"module.lambda_stop.aws_iam_role_policy_attachment.attach","mode":"managed","type":"aws_iam_role_policy_attachment","name":"attach","provider_name":"registry.terraform.io/hashicorp/aws","schema_version":0,"values":{"role":"stop-ec2-role"},"sensitive_values":{}},{"address":"module.lambda_stop.aws_lambda_function.this","mode":"managed","type":"aws_lambda_function","name":"this","provider_name":"registry.terraform.io/hashicorp/aws","schema_version":0,"values":{"code_signing_config_arn":null,"dead_letter_config":[],"description":null,"environment":[{}],"file_system_config":[],"filename":"modules/lambda/stop-ec2.zip","function_name":"stop-ec2","handler":"stop_ec2.lambda_handler","image_config":[],"image_uri":null,"kms_key_arn":null,"layers":null,"memory_size":128,"package_type":"Zip","publish":false,"replace_security_groups_on_destroy":null,"replacement_security_group_ids":null,"reserved_concurrent_executions":-1,"runtime":"python3.9","s3_bucket":null,"s3_key":null,"s3_object_version":null,"skip_destroy":false,"snap_start":[],"source_code_hash":"VgicqlAGhG/vJ6xXGleQePw+k90GrBx6L2kMp8o+rlU=","tags":null,"timeout":315,"timeouts":null,"vpc_config":[]},"sensitive_values":{"architectures":[],"dead_letter_config":[],"environment":[{"variables":{}}],"ephemeral_storage":[],"file_system_config":[],"image_config":[],"snap_start":[],"tags_all":{},"tracing_config":[],"vpc_config":[]}}],"address":"module.lambda_stop"},{"resources":[{"address":"module.scheduler_start.aws_cloudwatch_event_rule.this","mode":"managed","type":"aws_cloudwatch_event_rule","name":"this","provider_name":"registry.terraform.io/hashicorp/aws","schema_version":0,"values":{"description":null,"event_bus_name":"default","event_pattern":null,"is_enabled":true,"name":"start-ec2-schedule","role_arn":null,"schedule_expression":"cron(30 2 * * ? *)","tags":null},"sensitive_values":{"tags_all":{}}},{"address":"module.scheduler_start.aws_cloudwatch_event_target.this","mode":"managed","type":"aws_cloudwatch_event_target","name":"this","provider_name":"registry.terraform.io/hashicorp/aws","schema_version":1,"values":{"batch_target":[],"dead_letter_config":[],"ecs_target":[],"event_bus_name":"default","http_target":[],"input":null,"input_path":null,"input_transformer":[],"kinesis_target":[],"redshift_target":[],"retry_policy":[],"role_arn":null,"rule":"start-ec2-schedule","run_command_targets":[],"sqs_target":[]},"sensitive_values":{"batch_target":[],"dead_letter_config":[],"ecs_target":[],"http_target":[],"input_transformer":[],"kinesis_target":[],"redshift_target":[],"retry_policy":[],"run_command_targets":[],"sqs_target":[]}},{"address":"module.scheduler_start.aws_lambda_permission.allow_events","mode":"managed","type":"aws_lambda_permission","name":"allow_events","provider_name":"registry.terraform.io/hashicorp/aws","schema_version":0,"values":{"action":"lambda:InvokeFunction","event_source_token":null,"function_url_auth_type":null,"principal":"events.amazonaws.com","principal_org_id":null,"qualifier":null,"source_account":null,"statement_id":"AllowExecutionFromCloudWatch"},"sensitive_values":{}}],"address":"module.scheduler_start"},{"resources":[{"address":"module.scheduler_stop.aws_cloudwatch_event_rule.this","mode":"managed","type":"aws_cloudwatch_event_rule","name":"this","provider_name":"registry.terraform.io/hashicorp/aws","schema_version":0,"values":{"description":null,"event_bus_name":"default","event_pattern":null,"is_enabled":true,"name":"stop-ec2-schedule","role_arn":null,"schedule_expression":"cron(30 11 * * ? *)","tags":null},"sensitive_values":{"tags_all":{}}},{"address":"module.scheduler_stop.aws_cloudwatch_event_target.this","mode":"managed","type":"aws_cloudwatch_event_target","name":"this","provider_name":"registry.terraform.io/hashicorp/aws","schema_version":1,"values":{"batch_target":[],"dead_letter_config":[],"ecs_target":[],"event_bus_name":"default","http_target":[],"input":null,"input_path":null,"input_transformer":[],"kinesis_target":[],"redshift_target":[],"retry_policy":[],"role_arn":null,"rule":"stop-ec2-schedule","run_command_targets":[],"sqs_target":[]},"sensitive_values":{"batch_target":[],"dead_letter_config":[],"ecs_target":[],"http_target":[],"input_transformer":[],"kinesis_target":[],"redshift_target":[],"retry_policy":[],"run_command_targets":[],"sqs_target":[]}},{"address":"module.scheduler_stop.aws_lambda_permission.allow_events","mode":"managed","type":"aws_lambda_permission","name":"allow_events","provider_name":"registry.terraform.io/hashicorp/aws","schema_version":0,"values":{"action":"lambda:InvokeFunction","event_source_token":null,"function_url_auth_type":null,"principal":"events.amazonaws.com","principal_org_id":null,"qualifier":null,"source_account":null,"statement_id":"AllowExecutionFromCloudWatch"},"sensitive_values":{}}],"address":"module.scheduler_stop"}]}},"resource_changes":[{"address":"module.ec2.aws_instance.this[0]","module_address":"module.ec2","mode":"managed","type":"aws_instance","name":"this","index":0,"provider_name":"registry.terraform.io/hashicorp/aws","change":{"actions":["create"],"before":null,"after":{"ami":"ami-0a1235697f4afa8a4","credit_specification":[],"get_password_data":false,"hibernation":null,"instance_type":"t3.micro","launch_template":[],"source_dest_check":true,"tags":{"Name":"EC2-Scheduled"},"tags_all":{"Name":"EC2-Scheduled"},"timeouts":null,"user_data_replace_on_change":false,"volume_tags":null},"after_unknown":{"arn":true,"associate_public_ip_address":true,"availability_zone":true,"capacity_reservation_specification":true,"cpu_core_count":true,"cpu_options":true,"cpu_threads_per_core":true,"credit_specification":[],"disable_api_stop":true,"disable_api_termination":true,"ebs_block_device":true,"ebs_optimized":true,"enclave_options":true,"ephemeral_block_device":true,"host_id":true,"host_resource_group_arn":true,"iam_instance_profile":true,"id":true,"instance_initiated_shutdown_behavior":true,"instance_state":true,"ipv6_address_count":true,"ipv6_addresses":true,"key_name":true,"launch_template":[],"maintenance_options":true,"metadata_options":true,"monitoring":true,"network_interface":true,"outpost_arn":true,"password_data":true,"placement_group":true,"placement_partition_number":true,"primary_network_interface_id":true,"private_dns":true,"private_dns_name_options":true,"private_ip":true,"public_dns":true,"public_ip":true,"root_block_device":true,"secondary_private_ips":true,"security_groups":true,"subnet_id":true,"tags":{},"tags_all":{},"tenancy":true,"user_data":true,"user_data_base64":true,"vpc_security_group_ids":true},"before_sensitive":false,"after_sensitive":{"capacity_reservation_specification":[],"cpu_options":[],"credit_specification":[],"ebs_block_device":[],"enclave_options":[],"ephemeral_block_device":[],"ipv6_addresses":[],"launch_template":[],"maintenance_options":[],"metadata_options":[],"network_interface":[],"private_dns_name_options":[],"root_block_device":[],"secondary_private_ips":[],"security_groups":[],"tags":{},"tags_all":{},"vpc_security_group_ids":[]}}},{"address":"module.lambda_start.aws_iam_policy.ec2_policy","module_address":"module.lambda_start","mode":"managed","type":"aws_iam_policy","name":"ec2_policy","provider_name":"registry.terraform.io/hashicorp/aws","change":{"actions":["create"],"before":null,"after":{"description":null,"name":"start-ec2-ec2-policy","path":"/","policy":"{\"Statement\":[{\"Action\":[\"ec2:StartInstances\",\"ec2:DescribeInstances\"],\"Effect\":\"Allow\",\"Resource\":\"*\"},{\"Action\":[\"logs:CreateLogGroup\",\"logs:CreateLogStream\",\"logs:PutLogEvents\"],\"Effect\":\"Allow\",\"Resource\":\"*\"}],\"Version\":\"2012-10-17\"}","tags":null},"after_unknown":{"arn":true,"id":true,"name_prefix":true,"policy_id":true,"tags_all":true},"before_sensitive":false,"after_sensitive":{"tags_all":{}}}},{"address":"module.lambda_start.aws_iam_role.lambda_role","module_address":"module.lambda_start","mode":"managed","type":"aws_iam_role","name":"lambda_role","provider_name":"registry.terraform.io/hashicorp/aws","change":{"actions":["create"],"before":null,"after":{"assume_role_policy":"{\"Statement\":[{\"Action\":\"sts:AssumeRole\",\"Effect\":\"Allow\",\"Principal\":{\"Service\":\"lambda.amazonaws.com\"}}],\"Version\":\"2012-10-17\"}","description":null,"force_detach_policies":false,"max_session_duration":3600,"name":"start-ec2-role","path":"/","permissions_boundary":null,"tags":null},"after_unknown":{"arn":true,"create_date":true,"id":true,"inline_policy":true,"managed_policy_arns":true,"name_prefix":true,"role_last_used":true,"tags_all":true,"unique_id":true},"before_sensitive":false,"after_sensitive":{"inline_policy":[],"managed_policy_arns":[],"role_last_used":[],"tags_all":{}}}},{"address":"module.lambda_start.aws_iam_role_policy_attachment.attach","module_address":"module.lambda_start","mode":"managed","type":"aws_iam_role_policy_attachment","name":"attach","provider_name":"registry.terraform.io/hashicorp/aws","change":{"actions":["create"],"before":null,"after":{"role":"start-ec2-role"},"after_unknown":{"id":true,"policy_arn":true},"before_sensitive":false,"after_sensitive":{}}},{"address":"module.lambda_start.aws_lambda_function.this","module_address":"module.lambda_start","mode":"managed","type":"aws_lambda_function","name":"this","provider_name":"registry.terraform.io/hashicorp/aws","change":{"actions":["create"],"before":null,"after":{"code_signing_config_arn":null,"dead_letter_config":[],"description":null,"environment":[{}],"file_system_config":[],"filename":"modules/lambda/start-ec2.zip","function_name":"start-ec2","handler":"start_ec2.lambda_handler","image_config":[],"image_uri":null,"kms_key_arn":null,"layers":null,"memory_size":128,"package_type":"Zip","publish":false,"replace_security_groups_on_destroy":null,"replacement_security_group_ids":null,"reserved_concurrent_executions":-1,"runtime":"python3.9","s3_bucket":null,"s3_key":null,"s3_object_version":null,"skip_destroy":false,"snap_start":[],"source_code_hash":"B3wI8AImLc3BvyC7ql7dLq+gb+uJMAintBvFMispZsI=","tags":null,"timeout":315,"timeouts":null,"vpc_config":[]},"after_unknown":{"architectures":true,"arn":true,"dead_letter_config":[],"environment":[{"variables":true}],"ephemeral_storage":true,"file_system_config":[],"id":true,"image_config":[],"invoke_arn":true,"last_modified":true,"qualified_arn":true,"qualified_invoke_arn":true,"role":true,"signing_job_arn":true,"signing_profile_version_arn":true,"snap_start":[],"source_code_size":true,"tags_all":true,"tracing_config":true,"version":true,"vpc_config":[]},"before_sensitive":false,"after_sensitive":{"architectures":[],"dead_letter_config":[],"environment":[{"variables":{}}],"ephemeral_storage":[],"file_system_config":[],"image_config":[],"snap_start":[],"tags_all":{},"tracing_config":[],"vpc_config":[]}}},{"address":"module.lambda_stop.aws_iam_policy.ec2_policy","module_address":"module.lambda_stop","mode":"managed","type":"aws_iam_policy","name":"ec2_policy","provider_name":"registry.terraform.io/hashicorp/aws","change":{"actions":["create"],"before":null,"after":{"description":null,"name":"stop-ec2-ec2-policy","path":"/","policy":"{\"Statement\":[{\"Action\":[\"ec2:StopInstances\",\"ec2:DescribeInstances\"],\"Effect\":\"Allow\",\"Resource\":\"*\"},{\"Action\":[\"logs:CreateLogGroup\",\"logs:CreateLogStream\",\"logs:PutLogEvents\"],\"Effect\":\"Allow\",\"Resource\":\"*\"}],\"Version\":\"2012-10-17\"}","tags":null},"after_unknown":{"arn":true,"id":true,"name_prefix":true,"policy_id":true,"tags_all":true},"before_sensitive":false,"after_sensitive":{"tags_all":{}}}},{"address":"module.lambda_stop.aws_iam_role.lambda_role","module_address":"module.lambda_stop","mode":"managed","type":"aws_iam_role","name":"lambda_role","provider_name":"registry.terraform.io/hashicorp/aws","change":{"actions":["create"],"before":null,"after":{"assume_role_policy":"{\"Statement\":[{\"Action\":\"sts:AssumeRole\",\"Effect\":\"Allow\",\"Principal\":{\"Service\":\"lambda.amazonaws.com\"}}],\"Version\":\"2012-10-17\"}","description":null,"force_detach_policies":false,"max_session_duration":3600,"name":"stop-ec2-role","path":"/","permissions_boundary":null,"tags":null},"after_unknown":{"arn":true,"create_date":true,"id":true,"inline_policy":true,"managed_policy_arns":true,"name_prefix":true,"role_last_used":true,"tags_all":true,"unique_id":true},"before_sensitive":false,"after_sensitive":{"inline_policy":[],"managed_policy_arns":[],"role_last_used":[],"tags_all":{}}}},{"address":"module.lambda_stop.aws_iam_role_policy_attachment.attach","module_address":"module.lambda_stop","mode":"managed","type":"aws_iam_role_policy_attachment","name":"attach","provider_name":"registry.terraform.io/hashicorp/aws","change":{"actions":["create"],"before":null,"after":{"role":"stop-ec2-role"},"after_unknown":{"id":true,"policy_arn":true},"before_sensitive":false,"after_sensitive":{}}},{"address":"module.lambda_stop.aws_lambda_function.this","module_address":"module.lambda_stop","mode":"managed","type":"aws_lambda_function","name":"this","provider_name":"registry.terraform.io/hashicorp/aws","change":{"actions":["create"],"before":null,"after":{"code_signing_config_arn":null,"dead_letter_config":[],"description":null,"environment":[{}],"file_system_config":[],"filename":"modules/lambda/stop-ec2.zip","function_name":"stop-ec2","handler":"stop_ec2.lambda_handler","image_config":[],"image_uri":null,"kms_key_arn":null,"layers":null,"memory_size":128,"package_type":"Zip","publish":false,"replace_security_groups_on_destroy":null,"replacement_security_group_ids":null,"reserved_concurrent_executions":-1,"runtime":"python3.9","s3_bucket":null,"s3_key":null,"s3_object_version":null,"skip_destroy":false,"snap_start":[],"source_code_hash":"VgicqlAGhG/vJ6xXGleQePw+k90GrBx6L2kMp8o+rlU=","tags":null,"timeout":315,"timeouts":null,"vpc_config":[]},"after_unknown":{"architectures":true,"arn":true,"dead_letter_config":[],"environment":[{"variables":true}],"ephemeral_storage":true,"file_system_config":[],"id":true,"image_config":[],"invoke_arn":true,"last_modified":true,"qualified_arn":true,"qualified_invoke_arn":true,"role":true,"signing_job_arn":true,"signing_profile_version_arn":true,"snap_start":[],"source_code_size":true,"tags_all":true,"tracing_config":true,"version":true,"vpc_config":[]},"before_sensitive":false,"after_sensitive":{"architectures":[],"dead_letter_config":[],"environment":[{"variables":{}}],"ephemeral_storage":[],"file_system_config":[],"image_config":[],"snap_start":[],"tags_all":{},"tracing_config":[],"vpc_config":[]}}},{"address":"module.scheduler_start.aws_cloudwatch_event_rule.this","module_address":"module.scheduler_start","mode":"managed","type":"aws_cloudwatch_event_rule","name":"this","provider_name":"registry.terraform.io/hashicorp/aws","change":{"actions":["create"],"before":null,"after":{"description":null,"event_bus_name":"default","event_pattern":null,"is_enabled":true,"name":"start-ec2-schedule","role_arn":null,"schedule_expression":"cron(30 2 * * ? *)","tags":null},"after_unknown":{"arn":true,"id":true,"name_prefix":true,"tags_all":true},"before_sensitive":false,"after_sensitive":{"tags_all":{}}}},{"address":"module.scheduler_start.aws_cloudwatch_event_target.this","module_address":"module.scheduler_start","mode":"managed","type":"aws_cloudwatch_event_target","name":"this","provider_name":"registry.terraform.io/hashicorp/aws","change":{"actions":["create"],"before":null,"after":{"batch_target":[],"dead_letter_config":[],"ecs_target":[],"event_bus_name":"default","http_target":[],"input":null,"input_path":null,"input_transformer":[],"kinesis_target":[],"redshift_target":[],"retry_policy":[],"role_arn":null,"rule":"start-ec2-schedule","run_command_targets":[],"sqs_target":[]},"after_unknown":{"arn":true,"batch_target":[],"dead_letter_config":[],"ecs_target":[],"http_target":[],"id":true,"input_transformer":[],"kinesis_target":[],"redshift_target":[],"retry_policy":[],"run_command_targets":[],"sqs_target":[],"target_id":true},"before_sensitive":false,"after_sensitive":{"batch_target":[],"dead_letter_config":[],"ecs_target":[],"http_target":[],"input_transformer":[],"kinesis_target":[],"redshift_target":[],"retry_policy":[],"run_command_targets":[],"sqs_target":[]}}},{"address":"module.scheduler_start.aws_lambda_permission.allow_events","module_address":"module.scheduler_start","mode":"managed","type":"aws_lambda_permission","name":"allow_events","provider_name":"registry.terraform.io/hashicorp/aws","change":{"actions":["create"],"before":null,"after":{"action":"lambda:InvokeFunction","event_source_token":null,"function_url_auth_type":null,"principal":"events.amazonaws.com","principal_org_id":null,"qualifier":null,"source_account":null,"statement_id":"AllowExecutionFromCloudWatch"},"after_unknown":{"function_name":true,"id":true,"source_arn":true,"statement_id_prefix":true},"before_sensitive":false,"after_sensitive":{}}},{"address":"module.scheduler_stop.aws_cloudwatch_event_rule.this","module_address":"module.scheduler_stop","mode":"managed","type":"aws_cloudwatch_event_rule","name":"this","provider_name":"registry.terraform.io/hashicorp/aws","change":{"actions":["create"],"before":null,"after":{"description":null,"event_bus_name":"default","event_pattern":null,"is_enabled":true,"name":"stop-ec2-schedule","role_arn":null,"schedule_expression":"cron(30 11 * * ? *)","tags":null},"after_unknown":{"arn":true,"id":true,"name_prefix":true,"tags_all":true},"before_sensitive":false,"after_sensitive":{"tags_all":{}}}},{"address":"module.scheduler_stop.aws_cloudwatch_event_target.this","module_address":"module.scheduler_stop","mode":"managed","type":"aws_cloudwatch_event_target","name":"this","provider_name":"registry.terraform.io/hashicorp/aws","change":{"actions":["create"],"before":null,"after":{"batch_target":[],"dead_letter_config":[],"ecs_target":[],"event_bus_name":"default","http_target":[],"input":null,"input_path":null,"input_transformer":[],"kinesis_target":[],"redshift_target":[],"retry_policy":[],"role_arn":null,"rule":"stop-ec2-schedule","run_command_targets":[],"sqs_target":[]},"after_unknown":{"arn":true,"batch_target":[],"dead_letter_config":[],"ecs_target":[],"http_target":[],"id":true,"input_transformer":[],"kinesis_target":[],"redshift_target":[],"retry_policy":[],"run_command_targets":[],"sqs_target":[],"target_id":true},"before_sensitive":false,"after_sensitive":{"batch_target":[],"dead_letter_config":[],"ecs_target":[],"http_target":[],"input_transformer":[],"kinesis_target":[],"redshift_target":[],"retry_policy":[],"run_command_targets":[],"sqs_target":[]}}},{"address":"module.scheduler_stop.aws_lambda_permission.allow_events","module_address":"module.scheduler_stop","mode":"managed","type":"aws_lambda_permission","name":"allow_events","provider_name":"registry.terraform.io/hashicorp/aws","change":{"actions":["create"],"before":null,"after":{"action":"lambda:InvokeFunction","event_source_token":null,"function_url_auth_type":null,"principal":"events.amazonaws.com","principal_org_id":null,"qualifier":null,"source_account":null,"statement_id":"AllowExecutionFromCloudWatch"},"after_unknown":{"function_name":true,"id":true,"source_arn":true,"statement_id_prefix":true},"before_sensitive":false,"after_sensitive":{}}}],"output_changes":{"ec2_instance_id":{"actions":["create"],"before":null,"after_unknown":true,"before_sensitive":false,"after_sensitive":false},"lambda_start_arn":{"actions":["create"],"before":null,"after_unknown":true,"before_sensitive":false,"after_sensitive":false},"lambda_stop_arn":{"actions":["create"],"before":null,"after_unknown":true,"before_sensitive":false,"after_sensitive":false}},"prior_state":{"format_version":"1.0","terraform_version":"1.12.2","values":{"root_module":{"child_modules":[{"resources":[{"address":"module.lambda_start.data.archive_file.lambda_zip","mode":"data","type":"archive_file","name":"lambda_zip","provider_name":"registry.terraform.io/hashicorp/archive","schema_version":0,"values":{"exclude_symlink_directories":null,"excludes":null,"id":"24442cd424e197fb920e520ee31d3ebdb3dc20ed","output_base64sha256":"B3wI8AImLc3BvyC7ql7dLq+gb+uJMAintBvFMispZsI=","output_base64sha512":"hq3nVZvdjfZqUr9FfrivXZuAQcNJ3bYsdf7QVb7eOQNO8VOh+bKm78d1B2CkkpkORpK/IIfObxYCtBMQDQcgaw==","output_file_mode":null,"output_md5":"4f90ea28d4475898e51fc0fa7302deb2","output_path":"modules/lambda/start-ec2.zip","output_sha":"24442cd424e197fb920e520ee31d3ebdb3dc20ed","output_sha256":"077c08f002262dcdc1bf20bbaa5edd2eafa06feb893008a7b41bc5322b2966c2","output_sha512":"86ade7559bdd8df66a52bf457eb8af5d9b8041c349ddb62c75fed055bede39034ef153a1f9b2a6efc7750760a492990e4692bf2087ce6f1602b413100d07206b","output_size":465,"source":[],"source_content":null,"source_content_filename":null,"source_dir":null,"source_file":"./modules/lambda/start_ec2.py","type":"zip"},"sensitive_values":{"source":[]}}],"address":"module.lambda_start"},{"resources":[{"address":"module.lambda_stop.data.archive_file.lambda_zip","mode":"data","type":"archive_file","name":"lambda_zip","provider_name":"registry.terraform.io/hashicorp/archive","schema_version":0,"values":{"exclude_symlink_directories":null,"excludes":null,"id":"16fcd7dc3818361dec168951327e14f55cba323b","output_base64sha256":"VgicqlAGhG/vJ6xXGleQePw+k90GrBx6L2kMp8o+rlU=","output_base64sha512":"EbH79J0TIHhT01NxMXwOwSjNTJm9COAAdHODnREqc5MNl/O8sbwNOULBenzHylD0YxIhJt/V8fAoz8cgojgh6g==","output_file_mode":null,"output_md5":"f22dba57960c328166358800a323fec5","output_path":"modules/lambda/stop-ec2.zip","output_sha":"16fcd7dc3818361dec168951327e14f55cba323b","output_sha256":"56089caa5006846fef27ac571a579078fc3e93dd06ac1c7a2f690ca7ca3eae55","output_sha512":"11b1fbf49d13207853d35371317c0ec128cd4c99bd08e0007473839d112a73930d97f3bcb1bc0d3942c17a7cc7ca50f463122126dfd5f1f028cfc720a23821ea","output_size":464,"source":[],"source_content":null,"source_content_filename":null,"source_dir":null,"source_file":"./modules/lambda/stop_ec2.py","type":"zip"},"sensitive_values":{"source":[]}}],"address":"module.lambda_stop"}]}}},"configuration":{"provider_config":{"archive":{"name":"archive","full_name":"registry.terraform.io/hashicorp/archive","version_constraint":"~\u003e 2.2"},"aws":{"name":"aws","full_name":"registry.terraform.io/hashicorp/aws","version_constraint":"~\u003e 4.0","expressions":{"region":{"constant_value":"ap-south-1"}}}},"root_module":{"outputs":{"ec2_instance_id":{"expression":{"references":["module.ec2.instance_id","module.ec2"]}},"lambda_start_arn":{"expression":{"references":["module.lambda_start.lambda_function_arn","module.lambda_start"]}},"lambda_stop_arn":{"expression":{"references":["module.lambda_stop.lambda_function_arn","module.lambda_stop"]}}},"module_calls":{"ec2":{"source":"./modules/ec2","expressions":{"ami_id":{"references":["var.ami_id"]},"instance_count":{"references":["var.instance_count"]},"instance_type":{"references":["var.instance_type"]}},"module":{"outputs":{"instance_id":{"expression":{"references":["aws_instance.this[0].id","aws_instance.this[0]","aws_instance.this"]}}},"resources":[{"address":"aws_instance.this","mode":"managed","type":"aws_instance","name":"this","provider_config_key":"aws","expressions":{"ami":{"references":["var.ami_id"]},"instance_type":{"references":["var.instance_type"]},"tags":{"constant_value":{"Name":"EC2-Scheduled"}}},"schema_version":1,"count_expression":{"references":["var.instance_count"]}}],"variables":{"ami_id":{},"instance_count":{"default":1},"instance_type":{}}}},"lambda_start":{"source":"./modules/lambda","expressions":{"action":{"constant_value":"start"},"ec2_instance_id":{"references":["module.ec2.instance_id","module.ec2"]},"function_name":{"constant_value":"start-ec2"},"handler":{"constant_value":"start_ec2.lambda_handler"},"lambda_source":{"references":["path.module"]},"runtime":{"references":["var.lambda_runtime"]}},"module":{"outputs":{"lambda_function_arn":{"expression":{"references":["aws_lambda_function.this.arn","aws_lambda_function.this"]}}},"resources":[{"address":"aws_iam_policy.ec2_policy","mode":"managed","type":"aws_iam_policy","name":"ec2_policy","provider_config_key":"aws","expressions":{"name":{"references":["var.function_name"]},"policy":{"references":["var.action"]}},"schema_version":0},{"address":"aws_iam_role.lambda_role","mode":"managed","type":"aws_iam_role","name":"lambda_role","provider_config_key":"aws","expressions":{"assume_role_policy":{},"name":{"references":["var.function_name"]}},"schema_version":0},{"address":"aws_iam_role_policy_attachment.attach","mode":"managed","type":"aws_iam_role_policy_attachment","name":"attach","provider_config_key":"aws","expressions":{"policy_arn":{"references":["aws_iam_policy.ec2_policy.arn","aws_iam_policy.ec2_policy"]},"role":{"references":["aws_iam_role.lambda_role.name","aws_iam_role.lambda_role"]}},"schema_version":0},{"address":"aws_lambda_function.this","mode":"managed","type":"aws_lambda_function","name":"this","provider_config_key":"aws","expressions":{"environment":[{"variables":{"references":["var.ec2_instance_id"]}}],"filename":{"references":["data.archive_file.lambda_zip.output_path","data.archive_file.lambda_zip"]},"function_name":{"references":["var.function_name"]},"handler":{"references":["var.handler"]},"role":{"references":["aws_iam_role.lambda_role.arn","aws_iam_role.lambda_role"]},"runtime":{"references":["var.runtime"]},"source_code_hash":{"references":["data.archive_file.lambda_zip.output_path","data.archive_file.lambda_zip"]},"timeout":{"constant_value":315}},"schema_version":0},{"address":"data.archive_file.lambda_zip","mode":"data","type":"archive_file","name":"lambda_zip","provider_config_key":"archive","expressions":{"output_path":{"references":["path.module","var.function_name"]},"source_file":{"references":["var.lambda_source"]},"type":{"constant_value":"zip"}},"schema_version":0}],"variables":{"action":{},"ec2_instance_id":{},"function_name":{},"handler":{},"lambda_source":{},"runtime":{}}}},"lambda_stop":{"source":"./modules/lambda","expressions":{"action":{"constant_value":"stop"},"ec2_instance_id":{"references":["module.ec2.instance_id","module.ec2"]},"function_name":{"constant_value":"stop-ec2"},"handler":{"constant_value":"stop_ec2.lambda_handler"},"lambda_source":{"references":["path.module"]},"runtime":{"references":["var.lambda_runtime"]}},"module":{"outputs":{"lambda_function_arn":{"expression":{"references":["aws_lambda_function.this.arn","aws_lambda_function.this"]}}},"resources":[{"address":"aws_iam_policy.ec2_policy","mode":"managed","type":"aws_iam_policy","name":"ec2_policy","provider_config_key":"aws","expressions":{"name":{"references":["var.function_name"]},"policy":{"references":["var.action"]}},"schema_version":0},{"address":"aws_iam_role.lambda_role","mode":"managed","type":"aws_iam_role","name":"lambda_role","provider_config_key":"aws","expressions":{"assume_role_policy":{},"name":{"references":["var.function_name"]}},"schema_version":0},{"address":"aws_iam_role_policy_attachment.attach","mode":"managed","type":"aws_iam_role_policy_attachment","name":"attach","provider_config_key":"aws","expressions":{"policy_arn":{"references":["aws_iam_policy.ec2_policy.arn","aws_iam_policy.ec2_policy"]},"role":{"references":["aws_iam_role.lambda_role.name","aws_iam_role.lambda_role"]}},"schema_version":0},{"address":"aws_lambda_function.this","mode":"managed","type":"aws_lambda_function","name":"this","provider_config_key":"aws","expressions":{"environment":[{"variables":{"references":["var.ec2_instance_id"]}}],"filename":{"references":["data.archive_file.lambda_zip.output_path","data.archive_file.lambda_zip"]},"function_name":{"references":["var.function_name"]},"handler":{"references":["var.handler"]},"role":{"references":["aws_iam_role.lambda_role.arn","aws_iam_role.lambda_role"]},"runtime":{"references":["var.runtime"]},"source_code_hash":{"references":["data.archive_file.lambda_zip.output_path","data.archive_file.lambda_zip"]},"timeout":{"constant_value":315}},"schema_version":0},{"address":"data.archive_file.lambda_zip","mode":"data","type":"archive_file","name":"lambda_zip","provider_config_key":"archive","expressions":{"output_path":{"references":["path.module","var.function_name"]},"source_file":{"references":["var.lambda_source"]},"type":{"constant_value":"zip"}},"schema_version":0}],"variables":{"action":{},"ec2_instance_id":{},"function_name":{},"handler":{},"lambda_source":{},"runtime":{}}}},"scheduler_start":{"source":"./modules/scheduler","expressions":{"lambda_function_arn":{"references":["module.lambda_start.lambda_function_arn","module.lambda_start"]},"rule_name":{"constant_value":"start-ec2-schedule"},"schedule_expression":{"references":["var.start_cron"]}},"module":{"outputs":{"event_rule_arn":{"expression":{"references":["aws_cloudwatch_event_rule.this.arn","aws_cloudwatch_event_rule.this"]}}},"resources":[{"address":"aws_cloudwatch_event_rule.this","mode":"managed","type":"aws_cloudwatch_event_rule","name":"this","provider_config_key":"aws","expressions":{"name":{"references":["var.rule_name"]},"schedule_expression":{"references":["var.schedule_expression"]}},"schema_version":0},{"address":"aws_cloudwatch_event_target.this","mode":"managed","type":"aws_cloudwatch_event_target","name":"this","provider_config_key":"aws","expressions":{"arn":{"references":["var.lambda_function_arn"]},"rule":{"references":["aws_cloudwatch_event_rule.this.name","aws_cloudwatch_event_rule.this"]}},"schema_version":1},{"address":"aws_lambda_permission.allow_events","mode":"managed","type":"aws_lambda_permission","name":"allow_events","provider_config_key":"aws","expressions":{"action":{"constant_value":"lambda:InvokeFunction"},"function_name":{"references":["var.lambda_function_arn"]},"principal":{"constant_value":"events.amazonaws.com"},"source_arn":{"references":["aws_cloudwatch_event_rule.this.arn","aws_cloudwatch_event_rule.this"]},"statement_id":{"constant_value":"AllowExecutionFromCloudWatch"}},"schema_version":0}],"variables":{"lambda_function_arn":{},"rule_name":{},"schedule_expression":{}}}},"scheduler_stop":{"source":"./modules/scheduler","expressions":{"lambda_function_arn":{"references":["module.lambda_stop.lambda_function_arn","module.lambda_stop"]},"rule_name":{"constant_value":"stop-ec2-schedule"},"schedule_expression":{"references":["var.stop_cron"]}},"module":{"outputs":{"event_rule_arn":{"expression":{"references":["aws_cloudwatch_event_rule.this.arn","aws_cloudwatch_event_rule.this"]}}},"resources":[{"address":"aws_cloudwatch_event_rule.this","mode":"managed","type":"aws_cloudwatch_event_rule","name":"this","provider_config_key":"aws","expressions":{"name":{"references":["var.rule_name"]},"schedule_expression":{"references":["var.schedule_expression"]}},"schema_version":0},{"address":"aws_cloudwatch_event_target.this","mode":"managed","type":"aws_cloudwatch_event_target","name":"this","provider_config_key":"aws","expressions":{"arn":{"references":["var.lambda_function_arn"]},"rule":{"references":["aws_cloudwatch_event_rule.this.name","aws_cloudwatch_event_rule.this"]}},"schema_version":1},{"address":"aws_lambda_permission.allow_events","mode":"managed","type":"aws_lambda_permission","name":"allow_events","provider_config_key":"aws","expressions":{"action":{"constant_value":"lambda:InvokeFunction"},"function_name":{"references":["var.lambda_function_arn"]},"principal":{"constant_value":"events.amazonaws.com"},"source_arn":{"references":["aws_cloudwatch_event_rule.this.arn","aws_cloudwatch_event_rule.this"]},"statement_id":{"constant_value":"AllowExecutionFromCloudWatch"}},"schema_version":0}],"variables":{"lambda_function_arn":{},"rule_name":{},"schedule_expression":{}}}}},"variables":{"ami_id":{},"instance_count":{"default":1},"instance_type":{"default":"t3.micro"},"lambda_runtime":{"default":"python3.9"},"start_cron":{},"stop_cron":{}}}},"relevant_attributes":[{"resource":"module.lambda_start.aws_iam_role.lambda_role","attribute":["name"]},{"resource":"module.lambda_stop.aws_iam_role.lambda_role","attribute":["arn"]},{"resource":"module.scheduler_start.aws_cloudwatch_event_rule.this","attribute":["name"]},{"resource":"module.ec2.aws_instance.this[0]","attribute":["id"]},{"resource":"module.scheduler_stop.aws_cloudwatch_event_rule.this","attribute":["arn"]},{"resource":"module.lambda_start.aws_iam_role.lambda_role","attribute":["arn"]},{"resource":"module.lambda_stop.aws_iam_policy.ec2_policy","attribute":["arn"]},{"resource":"module.lambda_stop.aws_lambda_function.this","attribute":["arn"]},{"resource":"module.scheduler_start.aws_cloudwatch_event_rule.this","attribute":["arn"]},{"resource":"module.lambda_start.data.archive_file.lambda_zip","attribute":["output_path"]},{"resource":"module.lambda_stop.data.archive_file.lambda_zip","attribute":["output_path"]},{"resource":"module.lambda_stop.aws_iam_role.lambda_role","attribute":["name"]},{"resource":"module.lambda_start.aws_iam_policy.ec2_policy","attribute":["arn"]},{"resource":"module.lambda_start.aws_lambda_function.this","attribute":["arn"]},{"resource":"module.scheduler_stop.aws_cloudwatch_event_rule.this","attribute":["name"]}],"timestamp":"2025-07-16T14:45:58Z","applyable":true,"complete":true,"errored":false}
